
Microsoft Visual Studio Solution File, Format Version 12.00
Project("{FAE04EC0-301F-11D3-BF4B-00C04F79EFBC}") = "Minerva", "Minerva\Minerva.csproj", "{B6A6C3CF-6A2C-409D-B0A5-B2348C90DEAF}"
EndProject
Global
	GlobalSection(SolutionConfigurationPlatforms) = preSolution
		Debug|Any CPU = Debug|Any CPU
		Release|Any CPU = Release|Any CPU
	EndGlobalSection
	GlobalSection(ProjectConfigurationPlatforms) = postSolution
		{B6A6C3CF-6A2C-409D-B0A5-B2348C90DEAF}.Debug|Any CPU.ActiveCfg = Debug|Any CPU
		{B6A6C3CF-6A2C-409D-B0A5-B2348C90DEAF}.Debug|Any CPU.Build.0 = Debug|Any CPU
		{B6A6C3CF-6A2C-409D-B0A5-B2348C90DEAF}.Release|Any CPU.ActiveCfg = Release|Any CPU
		{B6A6C3CF-6A2C-409D-B0A5-B2348C90DEAF}.Release|Any CPU.Build.0 = Release|Any CPU
	EndGlobalSection
EndGlobal
